
Microsoft Visual Studio Solution File, Format Version 12.00
# Visual Studio 14
VisualStudioVersion = 14.0.25420.1
MinimumVisualStudioVersion = 10.0.40219.1
Project("{FAE04EC0-301F-11D3-BF4B-00C04F79EFBC}") = "Latihan_1_1", "Latihan_1_1\Latihan_1_1.csproj", "{B8688BA4-61F3-41B7-A73E-63162750FA2F}"
EndProject
Project("{FAE04EC0-301F-11D3-BF4B-00C04F79EFBC}") = "Latihan_2_1", "Latihan_2_1\Latihan_2_1.csproj", "{A6613B98-F328-4538-BCD2-616E26B318E6}"
EndProject
Project("{FAE04EC0-301F-11D3-BF4B-00C04F79EFBC}") = "Latihan_3_1", "Latihan_3_1\Latihan_3_1.csproj", "{1EBFA01B-2F8D-4396-9522-EBEC48CE5937}"
EndProject
Project("{FAE04EC0-301F-11D3-BF4B-00C04F79EFBC}") = "Latihan_4_1", "Latihan_4_1\Latihan_4_1.csproj", "{2A8ED12D-6BEF-43DF-9575-3C6CA8866C74}"
EndProject
Project("{FAE04EC0-301F-11D3-BF4B-00C04F79EFBC}") = "Latihan_5_1", "Latihan_5_1\Latihan_5_1.csproj", "{B8DB0DA1-E794-4104-94A9-3FE7FF14626C}"
EndProject
Global
	GlobalSection(SolutionConfigurationPlatforms) = preSolution
		Debug|Any CPU = Debug|Any CPU
		Release|Any CPU = Release|Any CPU
	EndGlobalSection
	GlobalSection(ProjectConfigurationPlatforms) = postSolution
		{B8688BA4-61F3-41B7-A73E-63162750FA2F}.Debug|Any CPU.ActiveCfg = Debug|Any CPU
		{B8688BA4-61F3-41B7-A73E-63162750FA2F}.Debug|Any CPU.Build.0 = Debug|Any CPU
		{B8688BA4-61F3-41B7-A73E-63162750FA2F}.Release|Any CPU.ActiveCfg = Release|Any CPU
		{B8688BA4-61F3-41B7-A73E-63162750FA2F}.Release|Any CPU.Build.0 = Release|Any CPU
		{A6613B98-F328-4538-BCD2-616E26B318E6}.Debug|Any CPU.ActiveCfg = Debug|Any CPU
		{A6613B98-F328-4538-BCD2-616E26B318E6}.Debug|Any CPU.Build.0 = Debug|Any CPU
		{A6613B98-F328-4538-BCD2-616E26B318E6}.Release|Any CPU.ActiveCfg = Release|Any CPU
		{A6613B98-F328-4538-BCD2-616E26B318E6}.Release|Any CPU.Build.0 = Release|Any CPU
		{1EBFA01B-2F8D-4396-9522-EBEC48CE5937}.Debug|Any CPU.ActiveCfg = Debug|Any CPU
		{1EBFA01B-2F8D-4396-9522-EBEC48CE5937}.Debug|Any CPU.Build.0 = Debug|Any CPU
		{1EBFA01B-2F8D-4396-9522-EBEC48CE5937}.Release|Any CPU.ActiveCfg = Release|Any CPU
		{1EBFA01B-2F8D-4396-9522-EBEC48CE5937}.Release|Any CPU.Build.0 = Release|Any CPU
		{2A8ED12D-6BEF-43DF-9575-3C6CA8866C74}.Debug|Any CPU.ActiveCfg = Debug|Any CPU
		{2A8ED12D-6BEF-43DF-9575-3C6CA8866C74}.Debug|Any CPU.Build.0 = Debug|Any CPU
		{2A8ED12D-6BEF-43DF-9575-3C6CA8866C74}.Release|Any CPU.ActiveCfg = Release|Any CPU
		{2A8ED12D-6BEF-43DF-9575-3C6CA8866C74}.Release|Any CPU.Build.0 = Release|Any CPU
		{B8DB0DA1-E794-4104-94A9-3FE7FF14626C}.Debug|Any CPU.ActiveCfg = Debug|Any CPU
		{B8DB0DA1-E794-4104-94A9-3FE7FF14626C}.Debug|Any CPU.Build.0 = Debug|Any CPU
		{B8DB0DA1-E794-4104-94A9-3FE7FF14626C}.Release|Any CPU.ActiveCfg = Release|Any CPU
		{B8DB0DA1-E794-4104-94A9-3FE7FF14626C}.Release|Any CPU.Build.0 = Release|Any CPU
	EndGlobalSection
	GlobalSection(SolutionProperties) = preSolution
		HideSolutionNode = FALSE
	EndGlobalSection
EndGlobal
